// !$*UTF8*$!
{
	archiveVersion = 1;
	classes = {
	};
	objectVersion = 56;
	objects = {

/* Begin PBXBuildFile section */
		246B7E112BE5511900452ECB /* AddFaceView.swift in Sources */ = {isa = PBXBuildFile; fileRef = 246B7E102BE5511900452ECB /* AddFaceView.swift */; };
		247B6A2A2BE1FA8300866D72 /* BlurApp.swift in Sources */ = {isa = PBXBuildFile; fileRef = 247B6A292BE1FA8300866D72 /* BlurApp.swift */; };
		247B6A2C2BE1FA8300866D72 /* UserListView.swift in Sources */ = {isa = PBXBuildFile; fileRef = 247B6A2B2BE1FA8300866D72 /* UserListView.swift */; };
		247B6A2E2BE1FA8400866D72 /* Assets.xcassets in Resources */ = {isa = PBXBuildFile; fileRef = 247B6A2D2BE1FA8400866D72 /* Assets.xcassets */; };
		247B6A312BE1FA8400866D72 /* Preview Assets.xcassets in Resources */ = {isa = PBXBuildFile; fileRef = 247B6A302BE1FA8400866D72 /* Preview Assets.xcassets */; };
		247B6A3B2BE1FA8500866D72 /* BlurTests.swift in Sources */ = {isa = PBXBuildFile; fileRef = 247B6A3A2BE1FA8500866D72 /* BlurTests.swift */; };
		247B6A452BE1FA8500866D72 /* BlurUITests.swift in Sources */ = {isa = PBXBuildFile; fileRef = 247B6A442BE1FA8500866D72 /* BlurUITests.swift */; };
		247B6A472BE1FA8500866D72 /* BlurUITestsLaunchTests.swift in Sources */ = {isa = PBXBuildFile; fileRef = 247B6A462BE1FA8500866D72 /* BlurUITestsLaunchTests.swift */; };
		247B6A552BE1FA9900866D72 /* UserService.swift in Sources */ = {isa = PBXBuildFile; fileRef = 247B6A542BE1FA9900866D72 /* UserService.swift */; };
		247B6A582BE1FAAD00866D72 /* APIModel.swift in Sources */ = {isa = PBXBuildFile; fileRef = 247B6A562BE1FAAD00866D72 /* APIModel.swift */; };
		247B6A5A2BE20A8300866D72 /* MainView.swift in Sources */ = {isa = PBXBuildFile; fileRef = 247B6A592BE20A8300866D72 /* MainView.swift */; };
		247B6A5D2BE20C4300866D72 /* Assets.xcassets in Resources */ = {isa = PBXBuildFile; fileRef = 247B6A5C2BE20C4300866D72 /* Assets.xcassets */; };
		247B6A5F2BE20C7800866D72 /* Colors.xcassets in Resources */ = {isa = PBXBuildFile; fileRef = 247B6A5E2BE20C7800866D72 /* Colors.xcassets */; };
		247B6A612BE2116A00866D72 /* WidgetsListView.swift in Sources */ = {isa = PBXBuildFile; fileRef = 247B6A602BE2116A00866D72 /* WidgetsListView.swift */; };
		247B6A632BE2118500866D72 /* WidgetsService.swift in Sources */ = {isa = PBXBuildFile; fileRef = 247B6A622BE2118500866D72 /* WidgetsService.swift */; };
		247B6A652BE21BC900866D72 /* UserAddView.swift in Sources */ = {isa = PBXBuildFile; fileRef = 247B6A642BE21BC900866D72 /* UserAddView.swift */; };
		24C1640B2BE36C5800BBC080 /* UserView.swift in Sources */ = {isa = PBXBuildFile; fileRef = 24C1640A2BE36C5800BBC080 /* UserView.swift */; };
		24D2686A2BE30D690038BF35 /* WidgetsAddView.swift in Sources */ = {isa = PBXBuildFile; fileRef = 24D268692BE30D690038BF35 /* WidgetsAddView.swift */; };
		24D2686F2BE30F440038BF35 /* AdminView.swift in Sources */ = {isa = PBXBuildFile; fileRef = 24D2686E2BE30F440038BF35 /* AdminView.swift */; };
		24D268722BE311670038BF35 /* LoginView.swift in Sources */ = {isa = PBXBuildFile; fileRef = 24D268712BE311670038BF35 /* LoginView.swift */; };
		24D268742BE3160B0038BF35 /* LoginService.swift in Sources */ = {isa = PBXBuildFile; fileRef = 24D268732BE3160B0038BF35 /* LoginService.swift */; };
		24F4641A2BE3DB6A00BB4858 /* FindPasswordView.swift in Sources */ = {isa = PBXBuildFile; fileRef = 24F464192BE3DB6A00BB4858 /* FindPasswordView.swift */; };
		24F4641C2BE3E04600BB4858 /* FindPasswordResultView.swift in Sources */ = {isa = PBXBuildFile; fileRef = 24F4641B2BE3E04600BB4858 /* FindPasswordResultView.swift */; };
/* End PBXBuildFile section */

/* Begin PBXContainerItemProxy section */
		247B6A372BE1FA8500866D72 /* PBXContainerItemProxy */ = {
			isa = PBXContainerItemProxy;
			containerPortal = 247B6A1E2BE1FA8300866D72 /* Project object */;
			proxyType = 1;
			remoteGlobalIDString = 247B6A252BE1FA8300866D72;
			remoteInfo = Blur;
		};
		247B6A412BE1FA8500866D72 /* PBXContainerItemProxy */ = {
			isa = PBXContainerItemProxy;
			containerPortal = 247B6A1E2BE1FA8300866D72 /* Project object */;
			proxyType = 1;
			remoteGlobalIDString = 247B6A252BE1FA8300866D72;
			remoteInfo = Blur;
		};
/* End PBXContainerItemProxy section */

/* Begin PBXFileReference section */
		246B7E102BE5511900452ECB /* AddFaceView.swift */ = {isa = PBXFileReference; lastKnownFileType = sourcecode.swift; path = AddFaceView.swift; sourceTree = "<group>"; };
		247B6A262BE1FA8300866D72 /* Blur.app */ = {isa = PBXFileReference; explicitFileType = wrapper.application; includeInIndex = 0; path = Blur.app; sourceTree = BUILT_PRODUCTS_DIR; };
		247B6A292BE1FA8300866D72 /* BlurApp.swift */ = {isa = PBXFileReference; lastKnownFileType = sourcecode.swift; path = BlurApp.swift; sourceTree = "<group>"; };
		247B6A2B2BE1FA8300866D72 /* UserListView.swift */ = {isa = PBXFileReference; lastKnownFileType = sourcecode.swift; path = UserListView.swift; sourceTree = "<group>"; };
		247B6A2D2BE1FA8400866D72 /* Assets.xcassets */ = {isa = PBXFileReference; lastKnownFileType = folder.assetcatalog; path = Assets.xcassets; sourceTree = "<group>"; };
		247B6A302BE1FA8400866D72 /* Preview Assets.xcassets */ = {isa = PBXFileReference; lastKnownFileType = folder.assetcatalog; path = "Preview Assets.xcassets"; sourceTree = "<group>"; };
		247B6A362BE1FA8500866D72 /* BlurTests.xctest */ = {isa = PBXFileReference; explicitFileType = wrapper.cfbundle; includeInIndex = 0; path = BlurTests.xctest; sourceTree = BUILT_PRODUCTS_DIR; };
		247B6A3A2BE1FA8500866D72 /* BlurTests.swift */ = {isa = PBXFileReference; lastKnownFileType = sourcecode.swift; path = BlurTests.swift; sourceTree = "<group>"; };
		247B6A402BE1FA8500866D72 /* BlurUITests.xctest */ = {isa = PBXFileReference; explicitFileType = wrapper.cfbundle; includeInIndex = 0; path = BlurUITests.xctest; sourceTree = BUILT_PRODUCTS_DIR; };
		247B6A442BE1FA8500866D72 /* BlurUITests.swift */ = {isa = PBXFileReference; lastKnownFileType = sourcecode.swift; path = BlurUITests.swift; sourceTree = "<group>"; };
		247B6A462BE1FA8500866D72 /* BlurUITestsLaunchTests.swift */ = {isa = PBXFileReference; lastKnownFileType = sourcecode.swift; path = BlurUITestsLaunchTests.swift; sourceTree = "<group>"; };
		247B6A542BE1FA9900866D72 /* UserService.swift */ = {isa = PBXFileReference; lastKnownFileType = sourcecode.swift; path = UserService.swift; sourceTree = "<group>"; };
		247B6A562BE1FAAD00866D72 /* APIModel.swift */ = {isa = PBXFileReference; fileEncoding = 4; lastKnownFileType = sourcecode.swift; path = APIModel.swift; sourceTree = "<group>"; };
		247B6A592BE20A8300866D72 /* MainView.swift */ = {isa = PBXFileReference; lastKnownFileType = sourcecode.swift; path = MainView.swift; sourceTree = "<group>"; };
		247B6A5C2BE20C4300866D72 /* Assets.xcassets */ = {isa = PBXFileReference; lastKnownFileType = folder.assetcatalog; path = Assets.xcassets; sourceTree = "<group>"; };
		247B6A5E2BE20C7800866D72 /* Colors.xcassets */ = {isa = PBXFileReference; lastKnownFileType = folder.assetcatalog; path = Colors.xcassets; sourceTree = "<group>"; };
		247B6A602BE2116A00866D72 /* WidgetsListView.swift */ = {isa = PBXFileReference; lastKnownFileType = sourcecode.swift; path = WidgetsListView.swift; sourceTree = "<group>"; };
		247B6A622BE2118500866D72 /* WidgetsService.swift */ = {isa = PBXFileReference; lastKnownFileType = sourcecode.swift; path = WidgetsService.swift; sourceTree = "<group>"; };
		247B6A642BE21BC900866D72 /* UserAddView.swift */ = {isa = PBXFileReference; lastKnownFileType = sourcecode.swift; path = UserAddView.swift; sourceTree = "<group>"; };
		24C1640A2BE36C5800BBC080 /* UserView.swift */ = {isa = PBXFileReference; lastKnownFileType = sourcecode.swift; path = UserView.swift; sourceTree = "<group>"; };
		24D268692BE30D690038BF35 /* WidgetsAddView.swift */ = {isa = PBXFileReference; lastKnownFileType = sourcecode.swift; path = WidgetsAddView.swift; sourceTree = "<group>"; };
		24D2686E2BE30F440038BF35 /* AdminView.swift */ = {isa = PBXFileReference; lastKnownFileType = sourcecode.swift; path = AdminView.swift; sourceTree = "<group>"; };
		24D268712BE311670038BF35 /* LoginView.swift */ = {isa = PBXFileReference; lastKnownFileType = sourcecode.swift; path = LoginView.swift; sourceTree = "<group>"; };
		24D268732BE3160B0038BF35 /* LoginService.swift */ = {isa = PBXFileReference; lastKnownFileType = sourcecode.swift; path = LoginService.swift; sourceTree = "<group>"; };
		24F464192BE3DB6A00BB4858 /* FindPasswordView.swift */ = {isa = PBXFileReference; lastKnownFileType = sourcecode.swift; path = FindPasswordView.swift; sourceTree = "<group>"; };
		24F4641B2BE3E04600BB4858 /* FindPasswordResultView.swift */ = {isa = PBXFileReference; lastKnownFileType = sourcecode.swift; path = FindPasswordResultView.swift; sourceTree = "<group>"; };
/* End PBXFileReference section */

/* Begin PBXFrameworksBuildPhase section */
		247B6A232BE1FA8300866D72 /* Frameworks */ = {
			isa = PBXFrameworksBuildPhase;
			buildActionMask = 2147483647;
			files = (
			);
			runOnlyForDeploymentPostprocessing = 0;
		};
		247B6A332BE1FA8500866D72 /* Frameworks */ = {
			isa = PBXFrameworksBuildPhase;
			buildActionMask = 2147483647;
			files = (
			);
			runOnlyForDeploymentPostprocessing = 0;
		};
		247B6A3D2BE1FA8500866D72 /* Frameworks */ = {
			isa = PBXFrameworksBuildPhase;
			buildActionMask = 2147483647;
			files = (
			);
			runOnlyForDeploymentPostprocessing = 0;
		};
/* End PBXFrameworksBuildPhase section */

/* Begin PBXGroup section */
		247B6A1D2BE1FA8300866D72 = {
			isa = PBXGroup;
			children = (
				247B6A282BE1FA8300866D72 /* Blur */,
				247B6A392BE1FA8500866D72 /* BlurTests */,
				247B6A432BE1FA8500866D72 /* BlurUITests */,
				247B6A272BE1FA8300866D72 /* Products */,
			);
			sourceTree = "<group>";
		};
		247B6A272BE1FA8300866D72 /* Products */ = {
			isa = PBXGroup;
			children = (
				247B6A262BE1FA8300866D72 /* Blur.app */,
				247B6A362BE1FA8500866D72 /* BlurTests.xctest */,
				247B6A402BE1FA8500866D72 /* BlurUITests.xctest */,
			);
			name = Products;
			sourceTree = "<group>";
		};
		247B6A282BE1FA8300866D72 /* Blur */ = {
			isa = PBXGroup;
			children = (
				24D2686B2BE30D740038BF35 /* View */,
				247B6A5B2BE20B7900866D72 /* Resource */,
				247B6A572BE1FAAD00866D72 /* Model */,
				247B6A532BE1FA8C00866D72 /* Network */,
				247B6A292BE1FA8300866D72 /* BlurApp.swift */,
				247B6A592BE20A8300866D72 /* MainView.swift */,
				247B6A2D2BE1FA8400866D72 /* Assets.xcassets */,
				247B6A2F2BE1FA8400866D72 /* Preview Content */,
			);
			path = Blur;
			sourceTree = "<group>";
		};
		247B6A2F2BE1FA8400866D72 /* Preview Content */ = {
			isa = PBXGroup;
			children = (
				247B6A302BE1FA8400866D72 /* Preview Assets.xcassets */,
			);
			path = "Preview Content";
			sourceTree = "<group>";
		};
		247B6A392BE1FA8500866D72 /* BlurTests */ = {
			isa = PBXGroup;
			children = (
				247B6A3A2BE1FA8500866D72 /* BlurTests.swift */,
			);
			path = BlurTests;
			sourceTree = "<group>";
		};
		247B6A432BE1FA8500866D72 /* BlurUITests */ = {
			isa = PBXGroup;
			children = (
				247B6A442BE1FA8500866D72 /* BlurUITests.swift */,
				247B6A462BE1FA8500866D72 /* BlurUITestsLaunchTests.swift */,
			);
			path = BlurUITests;
			sourceTree = "<group>";
		};
		247B6A532BE1FA8C00866D72 /* Network */ = {
			isa = PBXGroup;
			children = (
				247B6A542BE1FA9900866D72 /* UserService.swift */,
				247B6A622BE2118500866D72 /* WidgetsService.swift */,
				24D268732BE3160B0038BF35 /* LoginService.swift */,
			);
			name = Network;
			path = "New Group";
			sourceTree = "<group>";
		};
		247B6A572BE1FAAD00866D72 /* Model */ = {
			isa = PBXGroup;
			children = (
				247B6A562BE1FAAD00866D72 /* APIModel.swift */,
			);
			path = Model;
			sourceTree = "<group>";
		};
		247B6A5B2BE20B7900866D72 /* Resource */ = {
			isa = PBXGroup;
			children = (
				247B6A5C2BE20C4300866D72 /* Assets.xcassets */,
				247B6A5E2BE20C7800866D72 /* Colors.xcassets */,
			);
			path = Resource;
			sourceTree = "<group>";
		};
		24C164082BE36C4400BBC080 /* Admin */ = {
			isa = PBXGroup;
			children = (
				24D2686E2BE30F440038BF35 /* AdminView.swift */,
				24D2686D2BE30D7E0038BF35 /* Widgets */,
				24D2686C2BE30D7A0038BF35 /* User */,
			);
			path = Admin;
			sourceTree = "<group>";
		};
		24C164092BE36C4D00BBC080 /* User */ = {
			isa = PBXGroup;
			children = (
				24C1640A2BE36C5800BBC080 /* UserView.swift */,
				246B7E102BE5511900452ECB /* AddFaceView.swift */,
			);
			path = User;
			sourceTree = "<group>";
		};
		24D2686B2BE30D740038BF35 /* View */ = {
			isa = PBXGroup;
			children = (
				24C164092BE36C4D00BBC080 /* User */,
				24C164082BE36C4400BBC080 /* Admin */,
				24D268702BE3115E0038BF35 /* Login */,
			);
			path = View;
			sourceTree = "<group>";
		};
		24D2686C2BE30D7A0038BF35 /* User */ = {
			isa = PBXGroup;
			children = (
				247B6A2B2BE1FA8300866D72 /* UserListView.swift */,
				247B6A642BE21BC900866D72 /* UserAddView.swift */,
			);
			path = User;
			sourceTree = "<group>";
		};
		24D2686D2BE30D7E0038BF35 /* Widgets */ = {
			isa = PBXGroup;
			children = (
				247B6A602BE2116A00866D72 /* WidgetsListView.swift */,
				24D268692BE30D690038BF35 /* WidgetsAddView.swift */,
			);
			path = Widgets;
			sourceTree = "<group>";
		};
		24D268702BE3115E0038BF35 /* Login */ = {
			isa = PBXGroup;
			children = (
				24D268712BE311670038BF35 /* LoginView.swift */,
				24F464192BE3DB6A00BB4858 /* FindPasswordView.swift */,
				24F4641B2BE3E04600BB4858 /* FindPasswordResultView.swift */,
			);
			path = Login;
			sourceTree = "<group>";
		};
/* End PBXGroup section */

/* Begin PBXNativeTarget section */
		247B6A252BE1FA8300866D72 /* Blur */ = {
			isa = PBXNativeTarget;
			buildConfigurationList = 247B6A4A2BE1FA8500866D72 /* Build configuration list for PBXNativeTarget "Blur" */;
			buildPhases = (
				247B6A222BE1FA8300866D72 /* Sources */,
				247B6A232BE1FA8300866D72 /* Frameworks */,
				247B6A242BE1FA8300866D72 /* Resources */,
			);
			buildRules = (
			);
			dependencies = (
			);
			name = Blur;
			productName = Blur;
			productReference = 247B6A262BE1FA8300866D72 /* Blur.app */;
			productType = "com.apple.product-type.application";
		};
		247B6A352BE1FA8500866D72 /* BlurTests */ = {
			isa = PBXNativeTarget;
			buildConfigurationList = 247B6A4D2BE1FA8500866D72 /* Build configuration list for PBXNativeTarget "BlurTests" */;
			buildPhases = (
				247B6A322BE1FA8500866D72 /* Sources */,
				247B6A332BE1FA8500866D72 /* Frameworks */,
				247B6A342BE1FA8500866D72 /* Resources */,
			);
			buildRules = (
			);
			dependencies = (
				247B6A382BE1FA8500866D72 /* PBXTargetDependency */,
			);
			name = BlurTests;
			productName = BlurTests;
			productReference = 247B6A362BE1FA8500866D72 /* BlurTests.xctest */;
			productType = "com.apple.product-type.bundle.unit-test";
		};
		247B6A3F2BE1FA8500866D72 /* BlurUITests */ = {
			isa = PBXNativeTarget;
			buildConfigurationList = 247B6A502BE1FA8500866D72 /* Build configuration list for PBXNativeTarget "BlurUITests" */;
			buildPhases = (
				247B6A3C2BE1FA8500866D72 /* Sources */,
				247B6A3D2BE1FA8500866D72 /* Frameworks */,
				247B6A3E2BE1FA8500866D72 /* Resources */,
			);
			buildRules = (
			);
			dependencies = (
				247B6A422BE1FA8500866D72 /* PBXTargetDependency */,
			);
			name = BlurUITests;
			productName = BlurUITests;
			productReference = 247B6A402BE1FA8500866D72 /* BlurUITests.xctest */;
			productType = "com.apple.product-type.bundle.ui-testing";
		};
/* End PBXNativeTarget section */

/* Begin PBXProject section */
		247B6A1E2BE1FA8300866D72 /* Project object */ = {
			isa = PBXProject;
			attributes = {
				BuildIndependentTargetsInParallel = 1;
				LastSwiftUpdateCheck = 1530;
				LastUpgradeCheck = 1530;
				TargetAttributes = {
					247B6A252BE1FA8300866D72 = {
						CreatedOnToolsVersion = 15.3;
					};
					247B6A352BE1FA8500866D72 = {
						CreatedOnToolsVersion = 15.3;
						TestTargetID = 247B6A252BE1FA8300866D72;
					};
					247B6A3F2BE1FA8500866D72 = {
						CreatedOnToolsVersion = 15.3;
						TestTargetID = 247B6A252BE1FA8300866D72;
					};
				};
			};
			buildConfigurationList = 247B6A212BE1FA8300866D72 /* Build configuration list for PBXProject "Blur" */;
			compatibilityVersion = "Xcode 14.0";
			developmentRegion = en;
			hasScannedForEncodings = 0;
			knownRegions = (
				en,
				Base,
			);
			mainGroup = 247B6A1D2BE1FA8300866D72;
			productRefGroup = 247B6A272BE1FA8300866D72 /* Products */;
			projectDirPath = "";
			projectRoot = "";
			targets = (
				247B6A252BE1FA8300866D72 /* Blur */,
				247B6A352BE1FA8500866D72 /* BlurTests */,
				247B6A3F2BE1FA8500866D72 /* BlurUITests */,
			);
		};
/* End PBXProject section */

/* Begin PBXResourcesBuildPhase section */
		247B6A242BE1FA8300866D72 /* Resources */ = {
			isa = PBXResourcesBuildPhase;
			buildActionMask = 2147483647;
			files = (
				247B6A312BE1FA8400866D72 /* Preview Assets.xcassets in Resources */,
				247B6A5F2BE20C7800866D72 /* Colors.xcassets in Resources */,
				247B6A5D2BE20C4300866D72 /* Assets.xcassets in Resources */,
				247B6A2E2BE1FA8400866D72 /* Assets.xcassets in Resources */,
			);
			runOnlyForDeploymentPostprocessing = 0;
		};
		247B6A342BE1FA8500866D72 /* Resources */ = {
			isa = PBXResourcesBuildPhase;
			buildActionMask = 2147483647;
			files = (
			);
			runOnlyForDeploymentPostprocessing = 0;
		};
		247B6A3E2BE1FA8500866D72 /* Resources */ = {
			isa = PBXResourcesBuildPhase;
			buildActionMask = 2147483647;
			files = (
			);
			runOnlyForDeploymentPostprocessing = 0;
		};
/* End PBXResourcesBuildPhase section */

/* Begin PBXSourcesBuildPhase section */
		247B6A222BE1FA8300866D72 /* Sources */ = {
			isa = PBXSourcesBuildPhase;
			buildActionMask = 2147483647;
			files = (
				247B6A2C2BE1FA8300866D72 /* UserListView.swift in Sources */,
				247B6A582BE1FAAD00866D72 /* APIModel.swift in Sources */,
				24F4641A2BE3DB6A00BB4858 /* FindPasswordView.swift in Sources */,
				247B6A612BE2116A00866D72 /* WidgetsListView.swift in Sources */,
				24F4641C2BE3E04600BB4858 /* FindPasswordResultView.swift in Sources */,
				247B6A552BE1FA9900866D72 /* UserService.swift in Sources */,
				24D2686F2BE30F440038BF35 /* AdminView.swift in Sources */,
				247B6A5A2BE20A8300866D72 /* MainView.swift in Sources */,
				247B6A2A2BE1FA8300866D72 /* BlurApp.swift in Sources */,
				24D268742BE3160B0038BF35 /* LoginService.swift in Sources */,
				247B6A632BE2118500866D72 /* WidgetsService.swift in Sources */,
				24D268722BE311670038BF35 /* LoginView.swift in Sources */,
				24C1640B2BE36C5800BBC080 /* UserView.swift in Sources */,
				247B6A652BE21BC900866D72 /* UserAddView.swift in Sources */,
				24D2686A2BE30D690038BF35 /* WidgetsAddView.swift in Sources */,
				246B7E112BE5511900452ECB /* AddFaceView.swift in Sources */,
			);
			runOnlyForDeploymentPostprocessing = 0;
		};
		247B6A322BE1FA8500866D72 /* Sources */ = {
			isa = PBXSourcesBuildPhase;
			buildActionMask = 2147483647;
			files = (
				247B6A3B2BE1FA8500866D72 /* BlurTests.swift in Sources */,
			);
			runOnlyForDeploymentPostprocessing = 0;
		};
		247B6A3C2BE1FA8500866D72 /* Sources */ = {
			isa = PBXSourcesBuildPhase;
			buildActionMask = 2147483647;
			files = (
				247B6A452BE1FA8500866D72 /* BlurUITests.swift in Sources */,
				247B6A472BE1FA8500866D72 /* BlurUITestsLaunchTests.swift in Sources */,
			);
			runOnlyForDeploymentPostprocessing = 0;
		};
/* End PBXSourcesBuildPhase section */

/* Begin PBXTargetDependency section */
		247B6A382BE1FA8500866D72 /* PBXTargetDependency */ = {
			isa = PBXTargetDependency;
			target = 247B6A252BE1FA8300866D72 /* Blur */;
			targetProxy = 247B6A372BE1FA8500866D72 /* PBXContainerItemProxy */;
		};
		247B6A422BE1FA8500866D72 /* PBXTargetDependency */ = {
			isa = PBXTargetDependency;
			target = 247B6A252BE1FA8300866D72 /* Blur */;
			targetProxy = 247B6A412BE1FA8500866D72 /* PBXContainerItemProxy */;
		};
/* End PBXTargetDependency section */

/* Begin XCBuildConfiguration section */
		247B6A482BE1FA8500866D72 /* Debug */ = {
			isa = XCBuildConfiguration;
			buildSettings = {
				ALWAYS_SEARCH_USER_PATHS = NO;
				ASSETCATALOG_COMPILER_GENERATE_SWIFT_ASSET_SYMBOL_EXTENSIONS = YES;
				CLANG_ANALYZER_NONNULL = YES;
				CLANG_ANALYZER_NUMBER_OBJECT_CONVERSION = YES_AGGRESSIVE;
				CLANG_CXX_LANGUAGE_STANDARD = "gnu++20";
				CLANG_ENABLE_MODULES = YES;
				CLANG_ENABLE_OBJC_ARC = YES;
				CLANG_ENABLE_OBJC_WEAK = YES;
				CLANG_WARN_BLOCK_CAPTURE_AUTORELEASING = YES;
				CLANG_WARN_BOOL_CONVERSION = YES;
				CLANG_WARN_COMMA = YES;
				CLANG_WARN_CONSTANT_CONVERSION = YES;
				CLANG_WARN_DEPRECATED_OBJC_IMPLEMENTATIONS = YES;
				CLANG_WARN_DIRECT_OBJC_ISA_USAGE = YES_ERROR;
				CLANG_WARN_DOCUMENTATION_COMMENTS = YES;
				CLANG_WARN_EMPTY_BODY = YES;
				CLANG_WARN_ENUM_CONVERSION = YES;
				CLANG_WARN_INFINITE_RECURSION = YES;
				CLANG_WARN_INT_CONVERSION = YES;
				CLANG_WARN_NON_LITERAL_NULL_CONVERSION = YES;
				CLANG_WARN_OBJC_IMPLICIT_RETAIN_SELF = YES;
				CLANG_WARN_OBJC_LITERAL_CONVERSION = YES;
				CLANG_WARN_OBJC_ROOT_CLASS = YES_ERROR;
				CLANG_WARN_QUOTED_INCLUDE_IN_FRAMEWORK_HEADER = YES;
				CLANG_WARN_RANGE_LOOP_ANALYSIS = YES;
				CLANG_WARN_STRICT_PROTOTYPES = YES;
				CLANG_WARN_SUSPICIOUS_MOVE = YES;
				CLANG_WARN_UNGUARDED_AVAILABILITY = YES_AGGRESSIVE;
				CLANG_WARN_UNREACHABLE_CODE = YES;
				CLANG_WARN__DUPLICATE_METHOD_MATCH = YES;
				COPY_PHASE_STRIP = NO;
				DEBUG_INFORMATION_FORMAT = dwarf;
				ENABLE_STRICT_OBJC_MSGSEND = YES;
				ENABLE_TESTABILITY = YES;
				ENABLE_USER_SCRIPT_SANDBOXING = YES;
				GCC_C_LANGUAGE_STANDARD = gnu17;
				GCC_DYNAMIC_NO_PIC = NO;
				GCC_NO_COMMON_BLOCKS = YES;
				GCC_OPTIMIZATION_LEVEL = 0;
				GCC_PREPROCESSOR_DEFINITIONS = (
					"DEBUG=1",
					"$(inherited)",
				);
				GCC_WARN_64_TO_32_BIT_CONVERSION = YES;
				GCC_WARN_ABOUT_RETURN_TYPE = YES_ERROR;
				GCC_WARN_UNDECLARED_SELECTOR = YES;
				GCC_WARN_UNINITIALIZED_AUTOS = YES_AGGRESSIVE;
				GCC_WARN_UNUSED_FUNCTION = YES;
				GCC_WARN_UNUSED_VARIABLE = YES;
				IPHONEOS_DEPLOYMENT_TARGET = 17.4;
				LOCALIZATION_PREFERS_STRING_CATALOGS = YES;
				MTL_ENABLE_DEBUG_INFO = INCLUDE_SOURCE;
				MTL_FAST_MATH = YES;
				ONLY_ACTIVE_ARCH = YES;
				SDKROOT = iphoneos;
				SWIFT_ACTIVE_COMPILATION_CONDITIONS = "DEBUG $(inherited)";
				SWIFT_OPTIMIZATION_LEVEL = "-Onone";
			};
			name = Debug;
		};
		247B6A492BE1FA8500866D72 /* Release */ = {
			isa = XCBuildConfiguration;
			buildSettings = {
				ALWAYS_SEARCH_USER_PATHS = NO;
				ASSETCATALOG_COMPILER_GENERATE_SWIFT_ASSET_SYMBOL_EXTENSIONS = YES;
				CLANG_ANALYZER_NONNULL = YES;
				CLANG_ANALYZER_NUMBER_OBJECT_CONVERSION = YES_AGGRESSIVE;
				CLANG_CXX_LANGUAGE_STANDARD = "gnu++20";
				CLANG_ENABLE_MODULES = YES;
				CLANG_ENABLE_OBJC_ARC = YES;
				CLANG_ENABLE_OBJC_WEAK = YES;
				CLANG_WARN_BLOCK_CAPTURE_AUTORELEASING = YES;
				CLANG_WARN_BOOL_CONVERSION = YES;
				CLANG_WARN_COMMA = YES;
				CLANG_WARN_CONSTANT_CONVERSION = YES;
				CLANG_WARN_DEPRECATED_OBJC_IMPLEMENTATIONS = YES;
				CLANG_WARN_DIRECT_OBJC_ISA_USAGE = YES_ERROR;
				CLANG_WARN_DOCUMENTATION_COMMENTS = YES;
				CLANG_WARN_EMPTY_BODY = YES;
				CLANG_WARN_ENUM_CONVERSION = YES;
				CLANG_WARN_INFINITE_RECURSION = YES;
				CLANG_WARN_INT_CONVERSION = YES;
				CLANG_WARN_NON_LITERAL_NULL_CONVERSION = YES;
				CLANG_WARN_OBJC_IMPLICIT_RETAIN_SELF = YES;
				CLANG_WARN_OBJC_LITERAL_CONVERSION = YES;
				CLANG_WARN_OBJC_ROOT_CLASS = YES_ERROR;
				CLANG_WARN_QUOTED_INCLUDE_IN_FRAMEWORK_HEADER = YES;
				CLANG_WARN_RANGE_LOOP_ANALYSIS = YES;
				CLANG_WARN_STRICT_PROTOTYPES = YES;
				CLANG_WARN_SUSPICIOUS_MOVE = YES;
				CLANG_WARN_UNGUARDED_AVAILABILITY = YES_AGGRESSIVE;
				CLANG_WARN_UNREACHABLE_CODE = YES;
				CLANG_WARN__DUPLICATE_METHOD_MATCH = YES;
				COPY_PHASE_STRIP = NO;
				DEBUG_INFORMATION_FORMAT = "dwarf-with-dsym";
				ENABLE_NS_ASSERTIONS = NO;
				ENABLE_STRICT_OBJC_MSGSEND = YES;
				ENABLE_USER_SCRIPT_SANDBOXING = YES;
				GCC_C_LANGUAGE_STANDARD = gnu17;
				GCC_NO_COMMON_BLOCKS = YES;
				GCC_WARN_64_TO_32_BIT_CONVERSION = YES;
				GCC_WARN_ABOUT_RETURN_TYPE = YES_ERROR;
				GCC_WARN_UNDECLARED_SELECTOR = YES;
				GCC_WARN_UNINITIALIZED_AUTOS = YES_AGGRESSIVE;
				GCC_WARN_UNUSED_FUNCTION = YES;
				GCC_WARN_UNUSED_VARIABLE = YES;
				IPHONEOS_DEPLOYMENT_TARGET = 17.4;
				LOCALIZATION_PREFERS_STRING_CATALOGS = YES;
				MTL_ENABLE_DEBUG_INFO = NO;
				MTL_FAST_MATH = YES;
				SDKROOT = iphoneos;
				SWIFT_COMPILATION_MODE = wholemodule;
				VALIDATE_PRODUCT = YES;
			};
			name = Release;
		};
		247B6A4B2BE1FA8500866D72 /* Debug */ = {
			isa = XCBuildConfiguration;
			buildSettings = {
				ASSETCATALOG_COMPILER_APPICON_NAME = AppIcon;
				ASSETCATALOG_COMPILER_GLOBAL_ACCENT_COLOR_NAME = AccentColor;
				CODE_SIGN_STYLE = Automatic;
				CURRENT_PROJECT_VERSION = 1;
				DEVELOPMENT_ASSET_PATHS = "\"Blur/Preview Content\"";
				DEVELOPMENT_TEAM = TJTHYSLX5C;
				ENABLE_PREVIEWS = YES;
				GENERATE_INFOPLIST_FILE = YES;
				INFOPLIST_KEY_NSCameraUsageDescription = "카메라 권한";
				INFOPLIST_KEY_UIApplicationSceneManifest_Generation = YES;
				INFOPLIST_KEY_UIApplicationSupportsIndirectInputEvents = YES;
				INFOPLIST_KEY_UILaunchScreen_Generation = YES;
				INFOPLIST_KEY_UISupportedInterfaceOrientations_iPad = "UIInterfaceOrientationPortrait UIInterfaceOrientationPortraitUpsideDown UIInterfaceOrientationLandscapeLeft UIInterfaceOrientationLandscapeRight";
				INFOPLIST_KEY_UISupportedInterfaceOrientations_iPhone = "UIInterfaceOrientationPortrait UIInterfaceOrientationLandscapeLeft UIInterfaceOrientationLandscapeRight";
				LD_RUNPATH_SEARCH_PATHS = (
					"$(inherited)",
					"@executable_path/Frameworks",
				);
				MARKETING_VERSION = 1.0;
				PRODUCT_BUNDLE_IDENTIFIER = com.pental.Blur;
				PRODUCT_NAME = "$(TARGET_NAME)";
				SWIFT_EMIT_LOC_STRINGS = YES;
				SWIFT_VERSION = 5.0;
				TARGETED_DEVICE_FAMILY = "1,2";
			};
			name = Debug;
		};
		247B6A4C2BE1FA8500866D72 /* Release */ = {
			isa = XCBuildConfiguration;
			buildSettings = {
				ASSETCATALOG_COMPILER_APPICON_NAME = AppIcon;
				ASSETCATALOG_COMPILER_GLOBAL_ACCENT_COLOR_NAME = AccentColor;
				CODE_SIGN_STYLE = Automatic;
				CURRENT_PROJECT_VERSION = 1;
				DEVELOPMENT_ASSET_PATHS = "\"Blur/Preview Content\"";
				DEVELOPMENT_TEAM = TJTHYSLX5C;
				ENABLE_PREVIEWS = YES;
				GENERATE_INFOPLIST_FILE = YES;
				INFOPLIST_KEY_NSCameraUsageDescription = "카메라 권한";
				INFOPLIST_KEY_UIApplicationSceneManifest_Generation = YES;
				INFOPLIST_KEY_UIApplicationSupportsIndirectInputEvents = YES;
				INFOPLIST_KEY_UILaunchScreen_Generation = YES;
				INFOPLIST_KEY_UISupportedInterfaceOrientations_iPad = "UIInterfaceOrientationPortrait UIInterfaceOrientationPortraitUpsideDown UIInterfaceOrientationLandscapeLeft UIInterfaceOrientationLandscapeRight";
				INFOPLIST_KEY_UISupportedInterfaceOrientations_iPhone = "UIInterfaceOrientationPortrait UIInterfaceOrientationLandscapeLeft UIInterfaceOrientationLandscapeRight";
				LD_RUNPATH_SEARCH_PATHS = (
					"$(inherited)",
					"@executable_path/Frameworks",
				);
				MARKETING_VERSION = 1.0;
				PRODUCT_BUNDLE_IDENTIFIER = com.pental.Blur;
				PRODUCT_NAME = "$(TARGET_NAME)";
				SWIFT_EMIT_LOC_STRINGS = YES;
				SWIFT_VERSION = 5.0;
				TARGETED_DEVICE_FAMILY = "1,2";
			};
			name = Release;
		};
		247B6A4E2BE1FA8500866D72 /* Debug */ = {
			isa = XCBuildConfiguration;
			buildSettings = {
				ALWAYS_EMBED_SWIFT_STANDARD_LIBRARIES = YES;
				BUNDLE_LOADER = "$(TEST_HOST)";
				CODE_SIGN_STYLE = Automatic;
				CURRENT_PROJECT_VERSION = 1;
				DEVELOPMENT_TEAM = TJTHYSLX5C;
				GENERATE_INFOPLIST_FILE = YES;
				IPHONEOS_DEPLOYMENT_TARGET = 17.4;
				MARKETING_VERSION = 1.0;
				PRODUCT_BUNDLE_IDENTIFIER = com.pental.BlurTests;
				PRODUCT_NAME = "$(TARGET_NAME)";
				SWIFT_EMIT_LOC_STRINGS = NO;
				SWIFT_VERSION = 5.0;
				TARGETED_DEVICE_FAMILY = "1,2";
				TEST_HOST = "$(BUILT_PRODUCTS_DIR)/Blur.app/$(BUNDLE_EXECUTABLE_FOLDER_PATH)/Blur";
			};
			name = Debug;
		};
		247B6A4F2BE1FA8500866D72 /* Release */ = {
			isa = XCBuildConfiguration;
			buildSettings = {
				ALWAYS_EMBED_SWIFT_STANDARD_LIBRARIES = YES;
				BUNDLE_LOADER = "$(TEST_HOST)";
				CODE_SIGN_STYLE = Automatic;
				CURRENT_PROJECT_VERSION = 1;
				DEVELOPMENT_TEAM = TJTHYSLX5C;
				GENERATE_INFOPLIST_FILE = YES;
				IPHONEOS_DEPLOYMENT_TARGET = 17.4;
				MARKETING_VERSION = 1.0;
				PRODUCT_BUNDLE_IDENTIFIER = com.pental.BlurTests;
				PRODUCT_NAME = "$(TARGET_NAME)";
				SWIFT_EMIT_LOC_STRINGS = NO;
				SWIFT_VERSION = 5.0;
				TARGETED_DEVICE_FAMILY = "1,2";
				TEST_HOST = "$(BUILT_PRODUCTS_DIR)/Blur.app/$(BUNDLE_EXECUTABLE_FOLDER_PATH)/Blur";
			};
			name = Release;
		};
		247B6A512BE1FA8500866D72 /* Debug */ = {
			isa = XCBuildConfiguration;
			buildSettings = {
				ALWAYS_EMBED_SWIFT_STANDARD_LIBRARIES = YES;
				CODE_SIGN_STYLE = Automatic;
				CURRENT_PROJECT_VERSION = 1;
				DEVELOPMENT_TEAM = TJTHYSLX5C;
				GENERATE_INFOPLIST_FILE = YES;
				MARKETING_VERSION = 1.0;
				PRODUCT_BUNDLE_IDENTIFIER = com.pental.BlurUITests;
				PRODUCT_NAME = "$(TARGET_NAME)";
				SWIFT_EMIT_LOC_STRINGS = NO;
				SWIFT_VERSION = 5.0;
				TARGETED_DEVICE_FAMILY = "1,2";
				TEST_TARGET_NAME = Blur;
			};
			name = Debug;
		};
		247B6A522BE1FA8500866D72 /* Release */ = {
			isa = XCBuildConfiguration;
			buildSettings = {
				ALWAYS_EMBED_SWIFT_STANDARD_LIBRARIES = YES;
				CODE_SIGN_STYLE = Automatic;
				CURRENT_PROJECT_VERSION = 1;
				DEVELOPMENT_TEAM = TJTHYSLX5C;
				GENERATE_INFOPLIST_FILE = YES;
				MARKETING_VERSION = 1.0;
				PRODUCT_BUNDLE_IDENTIFIER = com.pental.BlurUITests;
				PRODUCT_NAME = "$(TARGET_NAME)";
				SWIFT_EMIT_LOC_STRINGS = NO;
				SWIFT_VERSION = 5.0;
				TARGETED_DEVICE_FAMILY = "1,2";
				TEST_TARGET_NAME = Blur;
			};
			name = Release;
		};
/* End XCBuildConfiguration section */

/* Begin XCConfigurationList section */
		247B6A212BE1FA8300866D72 /* Build configuration list for PBXProject "Blur" */ = {
			isa = XCConfigurationList;
			buildConfigurations = (
				247B6A482BE1FA8500866D72 /* Debug */,
				247B6A492BE1FA8500866D72 /* Release */,
			);
			defaultConfigurationIsVisible = 0;
			defaultConfigurationName = Release;
		};
		247B6A4A2BE1FA8500866D72 /* Build configuration list for PBXNativeTarget "Blur" */ = {
			isa = XCConfigurationList;
			buildConfigurations = (
				247B6A4B2BE1FA8500866D72 /* Debug */,
				247B6A4C2BE1FA8500866D72 /* Release */,
			);
			defaultConfigurationIsVisible = 0;
			defaultConfigurationName = Release;
		};
		247B6A4D2BE1FA8500866D72 /* Build configuration list for PBXNativeTarget "BlurTests" */ = {
			isa = XCConfigurationList;
			buildConfigurations = (
				247B6A4E2BE1FA8500866D72 /* Debug */,
				247B6A4F2BE1FA8500866D72 /* Release */,
			);
			defaultConfigurationIsVisible = 0;
			defaultConfigurationName = Release;
		};
		247B6A502BE1FA8500866D72 /* Build configuration list for PBXNativeTarget "BlurUITests" */ = {
			isa = XCConfigurationList;
			buildConfigurations = (
				247B6A512BE1FA8500866D72 /* Debug */,
				247B6A522BE1FA8500866D72 /* Release */,
			);
			defaultConfigurationIsVisible = 0;
			defaultConfigurationName = Release;
		};
/* End XCConfigurationList section */
	};
	rootObject = 247B6A1E2BE1FA8300866D72 /* Project object */;
}
